// !$*UTF8*$!
{
	archiveVersion = 1;
	classes = {
	};
	objectVersion = 55;
	objects = {

/* Begin PBXBuildFile section */
		1E543DC9284BB9B9009D1FD4 /* AppDelegate.swift in Sources */ = {isa = PBXBuildFile; fileRef = 1E543DC8284BB9B9009D1FD4 /* AppDelegate.swift */; };
		1E543DCB284BB9B9009D1FD4 /* SceneDelegate.swift in Sources */ = {isa = PBXBuildFile; fileRef = 1E543DCA284BB9B9009D1FD4 /* SceneDelegate.swift */; };
		1E543DD2284BB9BB009D1FD4 /* Assets.xcassets in Resources */ = {isa = PBXBuildFile; fileRef = 1E543DD1284BB9BB009D1FD4 /* Assets.xcassets */; };
		1E543DD5284BB9BB009D1FD4 /* LaunchScreen.storyboard in Resources */ = {isa = PBXBuildFile; fileRef = 1E543DD3284BB9BB009D1FD4 /* LaunchScreen.storyboard */; };
		1E543DE0284BB9BC009D1FD4 /* RickAndMortyMVPTests.swift in Sources */ = {isa = PBXBuildFile; fileRef = 1E543DDF284BB9BC009D1FD4 /* RickAndMortyMVPTests.swift */; };
		1E543DEA284BB9BC009D1FD4 /* RickAndMortyMVPUITests.swift in Sources */ = {isa = PBXBuildFile; fileRef = 1E543DE9284BB9BC009D1FD4 /* RickAndMortyMVPUITests.swift */; };
		1E543DEC284BB9BC009D1FD4 /* RickAndMortyMVPUITestsLaunchTests.swift in Sources */ = {isa = PBXBuildFile; fileRef = 1E543DEB284BB9BC009D1FD4 /* RickAndMortyMVPUITestsLaunchTests.swift */; };
		1E543DF9284BBC6B009D1FD4 /* MainPresenter.swift in Sources */ = {isa = PBXBuildFile; fileRef = 1E543DF8284BBC6B009D1FD4 /* MainPresenter.swift */; };
		1E543DFB284BBE09009D1FD4 /* Character.swift in Sources */ = {isa = PBXBuildFile; fileRef = 1E543DFA284BBE09009D1FD4 /* Character.swift */; };
		1E543DFF284BBF79009D1FD4 /* MainViewController.swift in Sources */ = {isa = PBXBuildFile; fileRef = 1E543DFD284BBF79009D1FD4 /* MainViewController.swift */; };
		1E543E00284BBF79009D1FD4 /* MainViewController.xib in Resources */ = {isa = PBXBuildFile; fileRef = 1E543DFE284BBF79009D1FD4 /* MainViewController.xib */; };
		1E543E06284BC2D4009D1FD4 /* ModuleBuilder.swift in Sources */ = {isa = PBXBuildFile; fileRef = 1E543E05284BC2D4009D1FD4 /* ModuleBuilder.swift */; };
		1E543E09284BC30C009D1FD4 /* ModuleBuilderProtocol.swift in Sources */ = {isa = PBXBuildFile; fileRef = 1E543E08284BC30C009D1FD4 /* ModuleBuilderProtocol.swift */; };
		1EADDCCC284BCC8E00967E70 /* get_schwifty.ttf in Resources */ = {isa = PBXBuildFile; fileRef = 1EADDCCB284BCC8D00967E70 /* get_schwifty.ttf */; };
		1EADDCCF284C9E2100967E70 /* NetworkManager.swift in Sources */ = {isa = PBXBuildFile; fileRef = 1EADDCCE284C9E2100967E70 /* NetworkManager.swift */; };
		1EADDCE8284CA62100967E70 /* NetworkManagerProtocol.swift in Sources */ = {isa = PBXBuildFile; fileRef = 1EADDCE7284CA62100967E70 /* NetworkManagerProtocol.swift */; };
		1EADDCF6284CFDCB00967E70 /* IParser.swift in Sources */ = {isa = PBXBuildFile; fileRef = 1EADDCEB284CFDCB00967E70 /* IParser.swift */; };
		1EADDCF7284CFDCB00967E70 /* ResponseParser.swift in Sources */ = {isa = PBXBuildFile; fileRef = 1EADDCEC284CFDCB00967E70 /* ResponseParser.swift */; };
		1EADDCF8284CFDCB00967E70 /* RequestSender.swift in Sources */ = {isa = PBXBuildFile; fileRef = 1EADDCED284CFDCB00967E70 /* RequestSender.swift */; };
		1EADDCF9284CFDCB00967E70 /* RequestConfig.swift in Sources */ = {isa = PBXBuildFile; fileRef = 1EADDCEE284CFDCB00967E70 /* RequestConfig.swift */; };
		1EADDCFA284CFDCB00967E70 /* AllRequest.swift in Sources */ = {isa = PBXBuildFile; fileRef = 1EADDCF0284CFDCB00967E70 /* AllRequest.swift */; };
		1EADDCFB284CFDCB00967E70 /* IRequest.swift in Sources */ = {isa = PBXBuildFile; fileRef = 1EADDCF1284CFDCB00967E70 /* IRequest.swift */; };
		1EADDCFD284CFDCB00967E70 /* RequestModels.swift in Sources */ = {isa = PBXBuildFile; fileRef = 1EADDCF4284CFDCB00967E70 /* RequestModels.swift */; };
		1EADDCFE284CFDCB00967E70 /* RequestsFactory.swift in Sources */ = {isa = PBXBuildFile; fileRef = 1EADDCF5284CFDCB00967E70 /* RequestsFactory.swift */; };
		1EADDD04284D0C0900967E70 /* AppInfoViewController.swift in Sources */ = {isa = PBXBuildFile; fileRef = 1EADDD02284D0C0900967E70 /* AppInfoViewController.swift */; };
		1EADDD05284D0C0900967E70 /* AppInfoViewController.xib in Resources */ = {isa = PBXBuildFile; fileRef = 1EADDD03284D0C0900967E70 /* AppInfoViewController.xib */; };
		7680FCB72A8D77881DEBBA19 /* Pods_RickAndMortyMVPTests.framework in Frameworks */ = {isa = PBXBuildFile; fileRef = 572C5D0550501BB6DFCA5836 /* Pods_RickAndMortyMVPTests.framework */; };
		A76ECFFE6ADDCD57F96EC9B7 /* Pods_RickAndMortyMVP.framework in Frameworks */ = {isa = PBXBuildFile; fileRef = 6613780C7CA42239A4D7C70F /* Pods_RickAndMortyMVP.framework */; };
		F049836DD4551CC1D7BD0204 /* Pods_RickAndMortyMVP_RickAndMortyMVPUITests.framework in Frameworks */ = {isa = PBXBuildFile; fileRef = 7561FF45B994A95C01052DF5 /* Pods_RickAndMortyMVP_RickAndMortyMVPUITests.framework */; };
/* End PBXBuildFile section */

/* Begin PBXContainerItemProxy section */
		1E543DDC284BB9BB009D1FD4 /* PBXContainerItemProxy */ = {
			isa = PBXContainerItemProxy;
			containerPortal = 1E543DBD284BB9B9009D1FD4 /* Project object */;
			proxyType = 1;
			remoteGlobalIDString = 1E543DC4284BB9B9009D1FD4;
			remoteInfo = RickAndMortyMVP;
		};
		1E543DE6284BB9BC009D1FD4 /* PBXContainerItemProxy */ = {
			isa = PBXContainerItemProxy;
			containerPortal = 1E543DBD284BB9B9009D1FD4 /* Project object */;
			proxyType = 1;
			remoteGlobalIDString = 1E543DC4284BB9B9009D1FD4;
			remoteInfo = RickAndMortyMVP;
		};
/* End PBXContainerItemProxy section */

/* Begin PBXFileReference section */
		1E543DC5284BB9B9009D1FD4 /* RickAndMortyMVP.app */ = {isa = PBXFileReference; explicitFileType = wrapper.application; includeInIndex = 0; path = RickAndMortyMVP.app; sourceTree = BUILT_PRODUCTS_DIR; };
		1E543DC8284BB9B9009D1FD4 /* AppDelegate.swift */ = {isa = PBXFileReference; lastKnownFileType = sourcecode.swift; path = AppDelegate.swift; sourceTree = "<group>"; };
		1E543DCA284BB9B9009D1FD4 /* SceneDelegate.swift */ = {isa = PBXFileReference; lastKnownFileType = sourcecode.swift; path = SceneDelegate.swift; sourceTree = "<group>"; };
		1E543DD1284BB9BB009D1FD4 /* Assets.xcassets */ = {isa = PBXFileReference; lastKnownFileType = folder.assetcatalog; path = Assets.xcassets; sourceTree = "<group>"; };
		1E543DD4284BB9BB009D1FD4 /* Base */ = {isa = PBXFileReference; lastKnownFileType = file.storyboard; name = Base; path = Base.lproj/LaunchScreen.storyboard; sourceTree = "<group>"; };
		1E543DD6284BB9BB009D1FD4 /* Info.plist */ = {isa = PBXFileReference; lastKnownFileType = text.plist.xml; path = Info.plist; sourceTree = "<group>"; };
		1E543DDB284BB9BB009D1FD4 /* RickAndMortyMVPTests.xctest */ = {isa = PBXFileReference; explicitFileType = wrapper.cfbundle; includeInIndex = 0; path = RickAndMortyMVPTests.xctest; sourceTree = BUILT_PRODUCTS_DIR; };
		1E543DDF284BB9BC009D1FD4 /* RickAndMortyMVPTests.swift */ = {isa = PBXFileReference; lastKnownFileType = sourcecode.swift; path = RickAndMortyMVPTests.swift; sourceTree = "<group>"; };
		1E543DE5284BB9BC009D1FD4 /* RickAndMortyMVPUITests.xctest */ = {isa = PBXFileReference; explicitFileType = wrapper.cfbundle; includeInIndex = 0; path = RickAndMortyMVPUITests.xctest; sourceTree = BUILT_PRODUCTS_DIR; };
		1E543DE9284BB9BC009D1FD4 /* RickAndMortyMVPUITests.swift */ = {isa = PBXFileReference; lastKnownFileType = sourcecode.swift; path = RickAndMortyMVPUITests.swift; sourceTree = "<group>"; };
		1E543DEB284BB9BC009D1FD4 /* RickAndMortyMVPUITestsLaunchTests.swift */ = {isa = PBXFileReference; lastKnownFileType = sourcecode.swift; path = RickAndMortyMVPUITestsLaunchTests.swift; sourceTree = "<group>"; };
		1E543DF8284BBC6B009D1FD4 /* MainPresenter.swift */ = {isa = PBXFileReference; lastKnownFileType = sourcecode.swift; path = MainPresenter.swift; sourceTree = "<group>"; };
		1E543DFA284BBE09009D1FD4 /* Character.swift */ = {isa = PBXFileReference; lastKnownFileType = sourcecode.swift; path = Character.swift; sourceTree = "<group>"; };
		1E543DFD284BBF79009D1FD4 /* MainViewController.swift */ = {isa = PBXFileReference; lastKnownFileType = sourcecode.swift; path = MainViewController.swift; sourceTree = "<group>"; };
		1E543DFE284BBF79009D1FD4 /* MainViewController.xib */ = {isa = PBXFileReference; lastKnownFileType = file.xib; path = MainViewController.xib; sourceTree = "<group>"; };
		1E543E05284BC2D4009D1FD4 /* ModuleBuilder.swift */ = {isa = PBXFileReference; lastKnownFileType = sourcecode.swift; path = ModuleBuilder.swift; sourceTree = "<group>"; };
		1E543E08284BC30C009D1FD4 /* ModuleBuilderProtocol.swift */ = {isa = PBXFileReference; lastKnownFileType = sourcecode.swift; path = ModuleBuilderProtocol.swift; sourceTree = "<group>"; };
		1EADDCCB284BCC8D00967E70 /* get_schwifty.ttf */ = {isa = PBXFileReference; lastKnownFileType = file; path = get_schwifty.ttf; sourceTree = "<group>"; };
		1EADDCCE284C9E2100967E70 /* NetworkManager.swift */ = {isa = PBXFileReference; lastKnownFileType = sourcecode.swift; path = NetworkManager.swift; sourceTree = "<group>"; };
		1EADDCE7284CA62100967E70 /* NetworkManagerProtocol.swift */ = {isa = PBXFileReference; lastKnownFileType = sourcecode.swift; name = NetworkManagerProtocol.swift; path = ../../../../../NetworkManagerProtocol.swift; sourceTree = "<group>"; };
		1EADDCEB284CFDCB00967E70 /* IParser.swift */ = {isa = PBXFileReference; fileEncoding = 4; lastKnownFileType = sourcecode.swift; path = IParser.swift; sourceTree = "<group>"; };
		1EADDCEC284CFDCB00967E70 /* ResponseParser.swift */ = {isa = PBXFileReference; fileEncoding = 4; lastKnownFileType = sourcecode.swift; path = ResponseParser.swift; sourceTree = "<group>"; };
		1EADDCED284CFDCB00967E70 /* RequestSender.swift */ = {isa = PBXFileReference; fileEncoding = 4; lastKnownFileType = sourcecode.swift; path = RequestSender.swift; sourceTree = "<group>"; };
		1EADDCEE284CFDCB00967E70 /* RequestConfig.swift */ = {isa = PBXFileReference; fileEncoding = 4; lastKnownFileType = sourcecode.swift; path = RequestConfig.swift; sourceTree = "<group>"; };
		1EADDCF0284CFDCB00967E70 /* AllRequest.swift */ = {isa = PBXFileReference; fileEncoding = 4; lastKnownFileType = sourcecode.swift; path = AllRequest.swift; sourceTree = "<group>"; };
		1EADDCF1284CFDCB00967E70 /* IRequest.swift */ = {isa = PBXFileReference; fileEncoding = 4; lastKnownFileType = sourcecode.swift; path = IRequest.swift; sourceTree = "<group>"; };
		1EADDCF4284CFDCB00967E70 /* RequestModels.swift */ = {isa = PBXFileReference; fileEncoding = 4; lastKnownFileType = sourcecode.swift; path = RequestModels.swift; sourceTree = "<group>"; };
		1EADDCF5284CFDCB00967E70 /* RequestsFactory.swift */ = {isa = PBXFileReference; fileEncoding = 4; lastKnownFileType = sourcecode.swift; path = RequestsFactory.swift; sourceTree = "<group>"; };
		1EADDD02284D0C0900967E70 /* AppInfoViewController.swift */ = {isa = PBXFileReference; lastKnownFileType = sourcecode.swift; path = AppInfoViewController.swift; sourceTree = "<group>"; };
		1EADDD03284D0C0900967E70 /* AppInfoViewController.xib */ = {isa = PBXFileReference; lastKnownFileType = file.xib; path = AppInfoViewController.xib; sourceTree = "<group>"; };
		473E53C6C36D4718CE3EEFBD /* Pods-RickAndMortyMVPTests.debug.xcconfig */ = {isa = PBXFileReference; includeInIndex = 1; lastKnownFileType = text.xcconfig; name = "Pods-RickAndMortyMVPTests.debug.xcconfig"; path = "Target Support Files/Pods-RickAndMortyMVPTests/Pods-RickAndMortyMVPTests.debug.xcconfig"; sourceTree = "<group>"; };
		572C5D0550501BB6DFCA5836 /* Pods_RickAndMortyMVPTests.framework */ = {isa = PBXFileReference; explicitFileType = wrapper.framework; includeInIndex = 0; path = Pods_RickAndMortyMVPTests.framework; sourceTree = BUILT_PRODUCTS_DIR; };
		5B5C80B4732FDA4707C71401 /* Pods-RickAndMortyMVP.debug.xcconfig */ = {isa = PBXFileReference; includeInIndex = 1; lastKnownFileType = text.xcconfig; name = "Pods-RickAndMortyMVP.debug.xcconfig"; path = "Target Support Files/Pods-RickAndMortyMVP/Pods-RickAndMortyMVP.debug.xcconfig"; sourceTree = "<group>"; };
		6613780C7CA42239A4D7C70F /* Pods_RickAndMortyMVP.framework */ = {isa = PBXFileReference; explicitFileType = wrapper.framework; includeInIndex = 0; path = Pods_RickAndMortyMVP.framework; sourceTree = BUILT_PRODUCTS_DIR; };
		7561FF45B994A95C01052DF5 /* Pods_RickAndMortyMVP_RickAndMortyMVPUITests.framework */ = {isa = PBXFileReference; explicitFileType = wrapper.framework; includeInIndex = 0; path = Pods_RickAndMortyMVP_RickAndMortyMVPUITests.framework; sourceTree = BUILT_PRODUCTS_DIR; };
		7D5AAA5359E2E0DF5198070A /* Pods-RickAndMortyMVP-RickAndMortyMVPUITests.debug.xcconfig */ = {isa = PBXFileReference; includeInIndex = 1; lastKnownFileType = text.xcconfig; name = "Pods-RickAndMortyMVP-RickAndMortyMVPUITests.debug.xcconfig"; path = "Target Support Files/Pods-RickAndMortyMVP-RickAndMortyMVPUITests/Pods-RickAndMortyMVP-RickAndMortyMVPUITests.debug.xcconfig"; sourceTree = "<group>"; };
		B3174E67A9530B63B30BE78F /* Pods-RickAndMortyMVP.release.xcconfig */ = {isa = PBXFileReference; includeInIndex = 1; lastKnownFileType = text.xcconfig; name = "Pods-RickAndMortyMVP.release.xcconfig"; path = "Target Support Files/Pods-RickAndMortyMVP/Pods-RickAndMortyMVP.release.xcconfig"; sourceTree = "<group>"; };
		CB46BC2759433A37F9879703 /* Pods-RickAndMortyMVP-RickAndMortyMVPUITests.release.xcconfig */ = {isa = PBXFileReference; includeInIndex = 1; lastKnownFileType = text.xcconfig; name = "Pods-RickAndMortyMVP-RickAndMortyMVPUITests.release.xcconfig"; path = "Target Support Files/Pods-RickAndMortyMVP-RickAndMortyMVPUITests/Pods-RickAndMortyMVP-RickAndMortyMVPUITests.release.xcconfig"; sourceTree = "<group>"; };
		FB2767B333574053FD89350A /* Pods-RickAndMortyMVPTests.release.xcconfig */ = {isa = PBXFileReference; includeInIndex = 1; lastKnownFileType = text.xcconfig; name = "Pods-RickAndMortyMVPTests.release.xcconfig"; path = "Target Support Files/Pods-RickAndMortyMVPTests/Pods-RickAndMortyMVPTests.release.xcconfig"; sourceTree = "<group>"; };
/* End PBXFileReference section */

/* Begin PBXFrameworksBuildPhase section */
		1E543DC2284BB9B9009D1FD4 /* Frameworks */ = {
			isa = PBXFrameworksBuildPhase;
			buildActionMask = 2147483647;
			files = (
				A76ECFFE6ADDCD57F96EC9B7 /* Pods_RickAndMortyMVP.framework in Frameworks */,
			);
			runOnlyForDeploymentPostprocessing = 0;
		};
		1E543DD8284BB9BB009D1FD4 /* Frameworks */ = {
			isa = PBXFrameworksBuildPhase;
			buildActionMask = 2147483647;
			files = (
				7680FCB72A8D77881DEBBA19 /* Pods_RickAndMortyMVPTests.framework in Frameworks */,
			);
			runOnlyForDeploymentPostprocessing = 0;
		};
		1E543DE2284BB9BC009D1FD4 /* Frameworks */ = {
			isa = PBXFrameworksBuildPhase;
			buildActionMask = 2147483647;
			files = (
				F049836DD4551CC1D7BD0204 /* Pods_RickAndMortyMVP_RickAndMortyMVPUITests.framework in Frameworks */,
			);
			runOnlyForDeploymentPostprocessing = 0;
		};
/* End PBXFrameworksBuildPhase section */

/* Begin PBXGroup section */
		09CDA1558E7DAF84A1381C1E /* Pods */ = {
			isa = PBXGroup;
			children = (
				5B5C80B4732FDA4707C71401 /* Pods-RickAndMortyMVP.debug.xcconfig */,
				B3174E67A9530B63B30BE78F /* Pods-RickAndMortyMVP.release.xcconfig */,
				7D5AAA5359E2E0DF5198070A /* Pods-RickAndMortyMVP-RickAndMortyMVPUITests.debug.xcconfig */,
				CB46BC2759433A37F9879703 /* Pods-RickAndMortyMVP-RickAndMortyMVPUITests.release.xcconfig */,
				473E53C6C36D4718CE3EEFBD /* Pods-RickAndMortyMVPTests.debug.xcconfig */,
				FB2767B333574053FD89350A /* Pods-RickAndMortyMVPTests.release.xcconfig */,
			);
			path = Pods;
			sourceTree = "<group>";
		};
		1E543DBC284BB9B9009D1FD4 = {
			isa = PBXGroup;
			children = (
				1E543DC7284BB9B9009D1FD4 /* RickAndMortyMVP */,
				1E543DDE284BB9BC009D1FD4 /* RickAndMortyMVPTests */,
				1E543DE8284BB9BC009D1FD4 /* RickAndMortyMVPUITests */,
				1E543DC6284BB9B9009D1FD4 /* Products */,
				09CDA1558E7DAF84A1381C1E /* Pods */,
				594A5FEB3B64461DD04C46B3 /* Frameworks */,
			);
			sourceTree = "<group>";
		};
		1E543DC6284BB9B9009D1FD4 /* Products */ = {
			isa = PBXGroup;
			children = (
				1E543DC5284BB9B9009D1FD4 /* RickAndMortyMVP.app */,
				1E543DDB284BB9BB009D1FD4 /* RickAndMortyMVPTests.xctest */,
				1E543DE5284BB9BC009D1FD4 /* RickAndMortyMVPUITests.xctest */,
			);
			name = Products;
			sourceTree = "<group>";
		};
		1E543DC7284BB9B9009D1FD4 /* RickAndMortyMVP */ = {
			isa = PBXGroup;
			children = (
				1EADDCFF284D0BA700967E70 /* Modules */,
				1EADDCCD284C9B4600967E70 /* ServicesLayer */,
				1E543E0B284BC431009D1FD4 /* Resources */,
				1E543E0A284BC418009D1FD4 /* Supporting Files */,
				1E543E04284BC2C0009D1FD4 /* ModuleBuilder */,
				1EADDCCA284BCC7800967E70 /* Fonts */,
				1E543DD6284BB9BB009D1FD4 /* Info.plist */,
				1E543DD3284BB9BB009D1FD4 /* LaunchScreen.storyboard */,
			);
			path = RickAndMortyMVP;
			sourceTree = "<group>";
		};
		1E543DDE284BB9BC009D1FD4 /* RickAndMortyMVPTests */ = {
			isa = PBXGroup;
			children = (
				1E543DDF284BB9BC009D1FD4 /* RickAndMortyMVPTests.swift */,
			);
			path = RickAndMortyMVPTests;
			sourceTree = "<group>";
		};
		1E543DE8284BB9BC009D1FD4 /* RickAndMortyMVPUITests */ = {
			isa = PBXGroup;
			children = (
				1E543DE9284BB9BC009D1FD4 /* RickAndMortyMVPUITests.swift */,
				1E543DEB284BB9BC009D1FD4 /* RickAndMortyMVPUITestsLaunchTests.swift */,
			);
			path = RickAndMortyMVPUITests;
			sourceTree = "<group>";
		};
		1E543DFC284BBF60009D1FD4 /* View */ = {
			isa = PBXGroup;
			children = (
				1E543DFD284BBF79009D1FD4 /* MainViewController.swift */,
				1E543DFE284BBF79009D1FD4 /* MainViewController.xib */,
			);
			path = View;
			sourceTree = "<group>";
		};
		1E543E01284BC224009D1FD4 /* MainModule */ = {
			isa = PBXGroup;
			children = (
				1E543E02284BC237009D1FD4 /* Model */,
				1E543DFC284BBF60009D1FD4 /* View */,
				1E543E03284BC24E009D1FD4 /* Presenter */,
			);
			path = MainModule;
			sourceTree = "<group>";
		};
		1E543E02284BC237009D1FD4 /* Model */ = {
			isa = PBXGroup;
			children = (
				1E543DFA284BBE09009D1FD4 /* Character.swift */,
			);
			path = Model;
			sourceTree = "<group>";
		};
		1E543E03284BC24E009D1FD4 /* Presenter */ = {
			isa = PBXGroup;
			children = (
				1E543DF8284BBC6B009D1FD4 /* MainPresenter.swift */,
			);
			path = Presenter;
			sourceTree = "<group>";
		};
		1E543E04284BC2C0009D1FD4 /* ModuleBuilder */ = {
			isa = PBXGroup;
			children = (
				1E543E05284BC2D4009D1FD4 /* ModuleBuilder.swift */,
				1E543E08284BC30C009D1FD4 /* ModuleBuilderProtocol.swift */,
			);
			path = ModuleBuilder;
			sourceTree = "<group>";
		};
		1E543E0A284BC418009D1FD4 /* Supporting Files */ = {
			isa = PBXGroup;
			children = (
				1E543DC8284BB9B9009D1FD4 /* AppDelegate.swift */,
				1E543DCA284BB9B9009D1FD4 /* SceneDelegate.swift */,
			);
			path = "Supporting Files";
			sourceTree = "<group>";
		};
		1E543E0B284BC431009D1FD4 /* Resources */ = {
			isa = PBXGroup;
			children = (
				1E543DD1284BB9BB009D1FD4 /* Assets.xcassets */,
			);
			path = Resources;
			sourceTree = "<group>";
		};
		1EADDCCA284BCC7800967E70 /* Fonts */ = {
			isa = PBXGroup;
			children = (
				1EADDCCB284BCC8D00967E70 /* get_schwifty.ttf */,
			);
			path = Fonts;
			sourceTree = "<group>";
		};
		1EADDCCD284C9B4600967E70 /* ServicesLayer */ = {
			isa = PBXGroup;
			children = (
				1EADDCE6284C9FE100967E70 /* NetworkLayer */,
				1EADDCE9284CFDCB00967E70 /* RequestLayer */,
			);
			path = ServicesLayer;
			sourceTree = "<group>";
		};
		1EADDCE6284C9FE100967E70 /* NetworkLayer */ = {
			isa = PBXGroup;
			children = (
				1EADDCCE284C9E2100967E70 /* NetworkManager.swift */,
				1EADDCE7284CA62100967E70 /* NetworkManagerProtocol.swift */,
			);
			path = NetworkLayer;
			sourceTree = "<group>";
		};
		1EADDCE9284CFDCB00967E70 /* RequestLayer */ = {
			isa = PBXGroup;
			children = (
				1EADDCEA284CFDCB00967E70 /* Parsers */,
				1EADDCED284CFDCB00967E70 /* RequestSender.swift */,
				1EADDCEE284CFDCB00967E70 /* RequestConfig.swift */,
				1EADDCEF284CFDCB00967E70 /* Requests */,
				1EADDCF2284CFDCB00967E70 /* RequestModels */,
				1EADDCF5284CFDCB00967E70 /* RequestsFactory.swift */,
			);
			path = RequestLayer;
			sourceTree = "<group>";
		};
		1EADDCEA284CFDCB00967E70 /* Parsers */ = {
			isa = PBXGroup;
			children = (
				1EADDCEB284CFDCB00967E70 /* IParser.swift */,
				1EADDCEC284CFDCB00967E70 /* ResponseParser.swift */,
			);
			path = Parsers;
			sourceTree = "<group>";
		};
		1EADDCEF284CFDCB00967E70 /* Requests */ = {
			isa = PBXGroup;
			children = (
				1EADDCF0284CFDCB00967E70 /* AllRequest.swift */,
				1EADDCF1284CFDCB00967E70 /* IRequest.swift */,
			);
			path = Requests;
			sourceTree = "<group>";
		};
		1EADDCF2284CFDCB00967E70 /* RequestModels */ = {
			isa = PBXGroup;
			children = (
				1EADDCF4284CFDCB00967E70 /* RequestModels.swift */,
			);
			path = RequestModels;
			sourceTree = "<group>";
		};
		1EADDCFF284D0BA700967E70 /* Modules */ = {
			isa = PBXGroup;
			children = (
				1EADDD00284D0BBA00967E70 /* AppInfoModule */,
				1E543E01284BC224009D1FD4 /* MainModule */,
			);
			path = Modules;
			sourceTree = "<group>";
		};
		1EADDD00284D0BBA00967E70 /* AppInfoModule */ = {
			isa = PBXGroup;
			children = (
				1EADDD01284D0BF800967E70 /* View */,
			);
			path = AppInfoModule;
			sourceTree = "<group>";
		};
		1EADDD01284D0BF800967E70 /* View */ = {
			isa = PBXGroup;
			children = (
				1EADDD02284D0C0900967E70 /* AppInfoViewController.swift */,
				1EADDD03284D0C0900967E70 /* AppInfoViewController.xib */,
			);
			path = View;
			sourceTree = "<group>";
		};
		594A5FEB3B64461DD04C46B3 /* Frameworks */ = {
			isa = PBXGroup;
			children = (
				6613780C7CA42239A4D7C70F /* Pods_RickAndMortyMVP.framework */,
				7561FF45B994A95C01052DF5 /* Pods_RickAndMortyMVP_RickAndMortyMVPUITests.framework */,
				572C5D0550501BB6DFCA5836 /* Pods_RickAndMortyMVPTests.framework */,
			);
			name = Frameworks;
			sourceTree = "<group>";
		};
/* End PBXGroup section */

/* Begin PBXNativeTarget section */
		1E543DC4284BB9B9009D1FD4 /* RickAndMortyMVP */ = {
			isa = PBXNativeTarget;
			buildConfigurationList = 1E543DEF284BB9BC009D1FD4 /* Build configuration list for PBXNativeTarget "RickAndMortyMVP" */;
			buildPhases = (
				8EC0403D39009CC0F67AAF0B /* [CP] Check Pods Manifest.lock */,
				1E543DC1284BB9B9009D1FD4 /* Sources */,
				1E543DC2284BB9B9009D1FD4 /* Frameworks */,
				1E543DC3284BB9B9009D1FD4 /* Resources */,
				B76A7B79EB041E14E156D680 /* [CP] Embed Pods Frameworks */,
			);
			buildRules = (
			);
			dependencies = (
			);
			name = RickAndMortyMVP;
			productName = RickAndMortyMVP;
			productReference = 1E543DC5284BB9B9009D1FD4 /* RickAndMortyMVP.app */;
			productType = "com.apple.product-type.application";
		};
		1E543DDA284BB9BB009D1FD4 /* RickAndMortyMVPTests */ = {
			isa = PBXNativeTarget;
			buildConfigurationList = 1E543DF2284BB9BC009D1FD4 /* Build configuration list for PBXNativeTarget "RickAndMortyMVPTests" */;
			buildPhases = (
				0708A7D846F168C377E445DD /* [CP] Check Pods Manifest.lock */,
				1E543DD7284BB9BB009D1FD4 /* Sources */,
				1E543DD8284BB9BB009D1FD4 /* Frameworks */,
				1E543DD9284BB9BB009D1FD4 /* Resources */,
			);
			buildRules = (
			);
			dependencies = (
				1E543DDD284BB9BB009D1FD4 /* PBXTargetDependency */,
			);
			name = RickAndMortyMVPTests;
			productName = RickAndMortyMVPTests;
			productReference = 1E543DDB284BB9BB009D1FD4 /* RickAndMortyMVPTests.xctest */;
			productType = "com.apple.product-type.bundle.unit-test";
		};
		1E543DE4284BB9BC009D1FD4 /* RickAndMortyMVPUITests */ = {
			isa = PBXNativeTarget;
			buildConfigurationList = 1E543DF5284BB9BC009D1FD4 /* Build configuration list for PBXNativeTarget "RickAndMortyMVPUITests" */;
			buildPhases = (
				496319BEA0CCA79D8C3C667D /* [CP] Check Pods Manifest.lock */,
				1E543DE1284BB9BC009D1FD4 /* Sources */,
				1E543DE2284BB9BC009D1FD4 /* Frameworks */,
				1E543DE3284BB9BC009D1FD4 /* Resources */,
				A14BF7FD70EAE64D3DB2BF0A /* [CP] Embed Pods Frameworks */,
			);
			buildRules = (
			);
			dependencies = (
				1E543DE7284BB9BC009D1FD4 /* PBXTargetDependency */,
			);
			name = RickAndMortyMVPUITests;
			productName = RickAndMortyMVPUITests;
			productReference = 1E543DE5284BB9BC009D1FD4 /* RickAndMortyMVPUITests.xctest */;
			productType = "com.apple.product-type.bundle.ui-testing";
		};
/* End PBXNativeTarget section */

/* Begin PBXProject section */
		1E543DBD284BB9B9009D1FD4 /* Project object */ = {
			isa = PBXProject;
			attributes = {
				BuildIndependentTargetsInParallel = 1;
				LastSwiftUpdateCheck = 1340;
				LastUpgradeCheck = 1340;
				TargetAttributes = {
					1E543DC4284BB9B9009D1FD4 = {
						CreatedOnToolsVersion = 13.4.1;
					};
					1E543DDA284BB9BB009D1FD4 = {
						CreatedOnToolsVersion = 13.4.1;
						TestTargetID = 1E543DC4284BB9B9009D1FD4;
					};
					1E543DE4284BB9BC009D1FD4 = {
						CreatedOnToolsVersion = 13.4.1;
						TestTargetID = 1E543DC4284BB9B9009D1FD4;
					};
				};
			};
			buildConfigurationList = 1E543DC0284BB9B9009D1FD4 /* Build configuration list for PBXProject "RickAndMortyMVP" */;
			compatibilityVersion = "Xcode 13.0";
			developmentRegion = en;
			hasScannedForEncodings = 0;
			knownRegions = (
				en,
				Base,
			);
			mainGroup = 1E543DBC284BB9B9009D1FD4;
			productRefGroup = 1E543DC6284BB9B9009D1FD4 /* Products */;
			projectDirPath = "";
			projectRoot = "";
			targets = (
				1E543DC4284BB9B9009D1FD4 /* RickAndMortyMVP */,
				1E543DDA284BB9BB009D1FD4 /* RickAndMortyMVPTests */,
				1E543DE4284BB9BC009D1FD4 /* RickAndMortyMVPUITests */,
			);
		};
/* End PBXProject section */

/* Begin PBXResourcesBuildPhase section */
		1E543DC3284BB9B9009D1FD4 /* Resources */ = {
			isa = PBXResourcesBuildPhase;
			buildActionMask = 2147483647;
			files = (
				1EADDCCC284BCC8E00967E70 /* get_schwifty.ttf in Resources */,
				1E543DD5284BB9BB009D1FD4 /* LaunchScreen.storyboard in Resources */,
				1E543E00284BBF79009D1FD4 /* MainViewController.xib in Resources */,
				1EADDD05284D0C0900967E70 /* AppInfoViewController.xib in Resources */,
				1E543DD2284BB9BB009D1FD4 /* Assets.xcassets in Resources */,
			);
			runOnlyForDeploymentPostprocessing = 0;
		};
		1E543DD9284BB9BB009D1FD4 /* Resources */ = {
			isa = PBXResourcesBuildPhase;
			buildActionMask = 2147483647;
			files = (
			);
			runOnlyForDeploymentPostprocessing = 0;
		};
		1E543DE3284BB9BC009D1FD4 /* Resources */ = {
			isa = PBXResourcesBuildPhase;
			buildActionMask = 2147483647;
			files = (
			);
			runOnlyForDeploymentPostprocessing = 0;
		};
/* End PBXResourcesBuildPhase section */

/* Begin PBXShellScriptBuildPhase section */
		0708A7D846F168C377E445DD /* [CP] Check Pods Manifest.lock */ = {
			isa = PBXShellScriptBuildPhase;
			buildActionMask = 2147483647;
			files = (
			);
			inputFileListPaths = (
			);
			inputPaths = (
				"${PODS_PODFILE_DIR_PATH}/Podfile.lock",
				"${PODS_ROOT}/Manifest.lock",
			);
			name = "[CP] Check Pods Manifest.lock";
			outputFileListPaths = (
			);
			outputPaths = (
				"$(DERIVED_FILE_DIR)/Pods-RickAndMortyMVPTests-checkManifestLockResult.txt",
			);
			runOnlyForDeploymentPostprocessing = 0;
			shellPath = /bin/sh;
			shellScript = "diff \"${PODS_PODFILE_DIR_PATH}/Podfile.lock\" \"${PODS_ROOT}/Manifest.lock\" > /dev/null\nif [ $? != 0 ] ; then\n    # print error to STDERR\n    echo \"error: The sandbox is not in sync with the Podfile.lock. Run 'pod install' or update your CocoaPods installation.\" >&2\n    exit 1\nfi\n# This output is used by Xcode 'outputs' to avoid re-running this script phase.\necho \"SUCCESS\" > \"${SCRIPT_OUTPUT_FILE_0}\"\n";
			showEnvVarsInLog = 0;
		};
		496319BEA0CCA79D8C3C667D /* [CP] Check Pods Manifest.lock */ = {
			isa = PBXShellScriptBuildPhase;
			buildActionMask = 2147483647;
			files = (
			);
			inputFileListPaths = (
			);
			inputPaths = (
				"${PODS_PODFILE_DIR_PATH}/Podfile.lock",
				"${PODS_ROOT}/Manifest.lock",
			);
			name = "[CP] Check Pods Manifest.lock";
			outputFileListPaths = (
			);
			outputPaths = (
				"$(DERIVED_FILE_DIR)/Pods-RickAndMortyMVP-RickAndMortyMVPUITests-checkManifestLockResult.txt",
			);
			runOnlyForDeploymentPostprocessing = 0;
			shellPath = /bin/sh;
			shellScript = "diff \"${PODS_PODFILE_DIR_PATH}/Podfile.lock\" \"${PODS_ROOT}/Manifest.lock\" > /dev/null\nif [ $? != 0 ] ; then\n    # print error to STDERR\n    echo \"error: The sandbox is not in sync with the Podfile.lock. Run 'pod install' or update your CocoaPods installation.\" >&2\n    exit 1\nfi\n# This output is used by Xcode 'outputs' to avoid re-running this script phase.\necho \"SUCCESS\" > \"${SCRIPT_OUTPUT_FILE_0}\"\n";
			showEnvVarsInLog = 0;
		};
		8EC0403D39009CC0F67AAF0B /* [CP] Check Pods Manifest.lock */ = {
			isa = PBXShellScriptBuildPhase;
			buildActionMask = 2147483647;
			files = (
			);
			inputFileListPaths = (
			);
			inputPaths = (
				"${PODS_PODFILE_DIR_PATH}/Podfile.lock",
				"${PODS_ROOT}/Manifest.lock",
			);
			name = "[CP] Check Pods Manifest.lock";
			outputFileListPaths = (
			);
			outputPaths = (
				"$(DERIVED_FILE_DIR)/Pods-RickAndMortyMVP-checkManifestLockResult.txt",
			);
			runOnlyForDeploymentPostprocessing = 0;
			shellPath = /bin/sh;
			shellScript = "diff \"${PODS_PODFILE_DIR_PATH}/Podfile.lock\" \"${PODS_ROOT}/Manifest.lock\" > /dev/null\nif [ $? != 0 ] ; then\n    # print error to STDERR\n    echo \"error: The sandbox is not in sync with the Podfile.lock. Run 'pod install' or update your CocoaPods installation.\" >&2\n    exit 1\nfi\n# This output is used by Xcode 'outputs' to avoid re-running this script phase.\necho \"SUCCESS\" > \"${SCRIPT_OUTPUT_FILE_0}\"\n";
			showEnvVarsInLog = 0;
		};
		A14BF7FD70EAE64D3DB2BF0A /* [CP] Embed Pods Frameworks */ = {
			isa = PBXShellScriptBuildPhase;
			buildActionMask = 2147483647;
			files = (
			);
			inputFileListPaths = (
				"${PODS_ROOT}/Target Support Files/Pods-RickAndMortyMVP-RickAndMortyMVPUITests/Pods-RickAndMortyMVP-RickAndMortyMVPUITests-frameworks-${CONFIGURATION}-input-files.xcfilelist",
			);
			name = "[CP] Embed Pods Frameworks";
			outputFileListPaths = (
				"${PODS_ROOT}/Target Support Files/Pods-RickAndMortyMVP-RickAndMortyMVPUITests/Pods-RickAndMortyMVP-RickAndMortyMVPUITests-frameworks-${CONFIGURATION}-output-files.xcfilelist",
			);
			runOnlyForDeploymentPostprocessing = 0;
			shellPath = /bin/sh;
			shellScript = "\"${PODS_ROOT}/Target Support Files/Pods-RickAndMortyMVP-RickAndMortyMVPUITests/Pods-RickAndMortyMVP-RickAndMortyMVPUITests-frameworks.sh\"\n";
			showEnvVarsInLog = 0;
		};
		B76A7B79EB041E14E156D680 /* [CP] Embed Pods Frameworks */ = {
			isa = PBXShellScriptBuildPhase;
			buildActionMask = 2147483647;
			files = (
			);
			inputFileListPaths = (
				"${PODS_ROOT}/Target Support Files/Pods-RickAndMortyMVP/Pods-RickAndMortyMVP-frameworks-${CONFIGURATION}-input-files.xcfilelist",
			);
			name = "[CP] Embed Pods Frameworks";
			outputFileListPaths = (
				"${PODS_ROOT}/Target Support Files/Pods-RickAndMortyMVP/Pods-RickAndMortyMVP-frameworks-${CONFIGURATION}-output-files.xcfilelist",
			);
			runOnlyForDeploymentPostprocessing = 0;
			shellPath = /bin/sh;
			shellScript = "\"${PODS_ROOT}/Target Support Files/Pods-RickAndMortyMVP/Pods-RickAndMortyMVP-frameworks.sh\"\n";
			showEnvVarsInLog = 0;
		};
/* End PBXShellScriptBuildPhase section */

/* Begin PBXSourcesBuildPhase section */
		1E543DC1284BB9B9009D1FD4 /* Sources */ = {
			isa = PBXSourcesBuildPhase;
			buildActionMask = 2147483647;
			files = (
				1EADDCF6284CFDCB00967E70 /* IParser.swift in Sources */,
				1E543DC9284BB9B9009D1FD4 /* AppDelegate.swift in Sources */,
				1EADDCFE284CFDCB00967E70 /* RequestsFactory.swift in Sources */,
				1E543DFB284BBE09009D1FD4 /* Character.swift in Sources */,
				1EADDCFB284CFDCB00967E70 /* IRequest.swift in Sources */,
				1E543DFF284BBF79009D1FD4 /* MainViewController.swift in Sources */,
				1E543E06284BC2D4009D1FD4 /* ModuleBuilder.swift in Sources */,
				1EADDCFD284CFDCB00967E70 /* RequestModels.swift in Sources */,
				1EADDCE8284CA62100967E70 /* NetworkManagerProtocol.swift in Sources */,
				1EADDCF9284CFDCB00967E70 /* RequestConfig.swift in Sources */,
				1EADDCCF284C9E2100967E70 /* NetworkManager.swift in Sources */,
				1E543E09284BC30C009D1FD4 /* ModuleBuilderProtocol.swift in Sources */,
				1EADDCFA284CFDCB00967E70 /* AllRequest.swift in Sources */,
				1EADDCF8284CFDCB00967E70 /* RequestSender.swift in Sources */,
				1E543DCB284BB9B9009D1FD4 /* SceneDelegate.swift in Sources */,
				1EADDCF7284CFDCB00967E70 /* ResponseParser.swift in Sources */,
				1EADDD04284D0C0900967E70 /* AppInfoViewController.swift in Sources */,
				1E543DF9284BBC6B009D1FD4 /* MainPresenter.swift in Sources */,
			);
			runOnlyForDeploymentPostprocessing = 0;
		};
		1E543DD7284BB9BB009D1FD4 /* Sources */ = {
			isa = PBXSourcesBuildPhase;
			buildActionMask = 2147483647;
			files = (
				1E543DE0284BB9BC009D1FD4 /* RickAndMortyMVPTests.swift in Sources */,
			);
			runOnlyForDeploymentPostprocessing = 0;
		};
		1E543DE1284BB9BC009D1FD4 /* Sources */ = {
			isa = PBXSourcesBuildPhase;
			buildActionMask = 2147483647;
			files = (
				1E543DEA284BB9BC009D1FD4 /* RickAndMortyMVPUITests.swift in Sources */,
				1E543DEC284BB9BC009D1FD4 /* RickAndMortyMVPUITestsLaunchTests.swift in Sources */,
			);
			runOnlyForDeploymentPostprocessing = 0;
		};
/* End PBXSourcesBuildPhase section */

/* Begin PBXTargetDependency section */
		1E543DDD284BB9BB009D1FD4 /* PBXTargetDependency */ = {
			isa = PBXTargetDependency;
			target = 1E543DC4284BB9B9009D1FD4 /* RickAndMortyMVP */;
			targetProxy = 1E543DDC284BB9BB009D1FD4 /* PBXContainerItemProxy */;
		};
		1E543DE7284BB9BC009D1FD4 /* PBXTargetDependency */ = {
			isa = PBXTargetDependency;
			target = 1E543DC4284BB9B9009D1FD4 /* RickAndMortyMVP */;
			targetProxy = 1E543DE6284BB9BC009D1FD4 /* PBXContainerItemProxy */;
		};
/* End PBXTargetDependency section */

/* Begin PBXVariantGroup section */
		1E543DD3284BB9BB009D1FD4 /* LaunchScreen.storyboard */ = {
			isa = PBXVariantGroup;
			children = (
				1E543DD4284BB9BB009D1FD4 /* Base */,
			);
			name = LaunchScreen.storyboard;
			sourceTree = "<group>";
		};
/* End PBXVariantGroup section */

/* Begin XCBuildConfiguration section */
		1E543DED284BB9BC009D1FD4 /* Debug */ = {
			isa = XCBuildConfiguration;
			buildSettings = {
				ALWAYS_SEARCH_USER_PATHS = NO;
				CLANG_ANALYZER_NONNULL = YES;
				CLANG_ANALYZER_NUMBER_OBJECT_CONVERSION = YES_AGGRESSIVE;
				CLANG_CXX_LANGUAGE_STANDARD = "gnu++17";
				CLANG_ENABLE_MODULES = YES;
				CLANG_ENABLE_OBJC_ARC = YES;
				CLANG_ENABLE_OBJC_WEAK = YES;
				CLANG_WARN_BLOCK_CAPTURE_AUTORELEASING = YES;
				CLANG_WARN_BOOL_CONVERSION = YES;
				CLANG_WARN_COMMA = YES;
				CLANG_WARN_CONSTANT_CONVERSION = YES;
				CLANG_WARN_DEPRECATED_OBJC_IMPLEMENTATIONS = YES;
				CLANG_WARN_DIRECT_OBJC_ISA_USAGE = YES_ERROR;
				CLANG_WARN_DOCUMENTATION_COMMENTS = YES;
				CLANG_WARN_EMPTY_BODY = YES;
				CLANG_WARN_ENUM_CONVERSION = YES;
				CLANG_WARN_INFINITE_RECURSION = YES;
				CLANG_WARN_INT_CONVERSION = YES;
				CLANG_WARN_NON_LITERAL_NULL_CONVERSION = YES;
				CLANG_WARN_OBJC_IMPLICIT_RETAIN_SELF = YES;
				CLANG_WARN_OBJC_LITERAL_CONVERSION = YES;
				CLANG_WARN_OBJC_ROOT_CLASS = YES_ERROR;
				CLANG_WARN_QUOTED_INCLUDE_IN_FRAMEWORK_HEADER = YES;
				CLANG_WARN_RANGE_LOOP_ANALYSIS = YES;
				CLANG_WARN_STRICT_PROTOTYPES = YES;
				CLANG_WARN_SUSPICIOUS_MOVE = YES;
				CLANG_WARN_UNGUARDED_AVAILABILITY = YES_AGGRESSIVE;
				CLANG_WARN_UNREACHABLE_CODE = YES;
				CLANG_WARN__DUPLICATE_METHOD_MATCH = YES;
				COPY_PHASE_STRIP = NO;
				DEBUG_INFORMATION_FORMAT = dwarf;
				ENABLE_STRICT_OBJC_MSGSEND = YES;
				ENABLE_TESTABILITY = YES;
				GCC_C_LANGUAGE_STANDARD = gnu11;
				GCC_DYNAMIC_NO_PIC = NO;
				GCC_NO_COMMON_BLOCKS = YES;
				GCC_OPTIMIZATION_LEVEL = 0;
				GCC_PREPROCESSOR_DEFINITIONS = (
					"DEBUG=1",
					"$(inherited)",
				);
				GCC_WARN_64_TO_32_BIT_CONVERSION = YES;
				GCC_WARN_ABOUT_RETURN_TYPE = YES_ERROR;
				GCC_WARN_UNDECLARED_SELECTOR = YES;
				GCC_WARN_UNINITIALIZED_AUTOS = YES_AGGRESSIVE;
				GCC_WARN_UNUSED_FUNCTION = YES;
				GCC_WARN_UNUSED_VARIABLE = YES;
				IPHONEOS_DEPLOYMENT_TARGET = 15.5;
				MTL_ENABLE_DEBUG_INFO = INCLUDE_SOURCE;
				MTL_FAST_MATH = YES;
				ONLY_ACTIVE_ARCH = YES;
				SDKROOT = iphoneos;
				SWIFT_ACTIVE_COMPILATION_CONDITIONS = DEBUG;
				SWIFT_OPTIMIZATION_LEVEL = "-Onone";
			};
			name = Debug;
		};
		1E543DEE284BB9BC009D1FD4 /* Release */ = {
			isa = XCBuildConfiguration;
			buildSettings = {
				ALWAYS_SEARCH_USER_PATHS = NO;
				CLANG_ANALYZER_NONNULL = YES;
				CLANG_ANALYZER_NUMBER_OBJECT_CONVERSION = YES_AGGRESSIVE;
				CLANG_CXX_LANGUAGE_STANDARD = "gnu++17";
				CLANG_ENABLE_MODULES = YES;
				CLANG_ENABLE_OBJC_ARC = YES;
				CLANG_ENABLE_OBJC_WEAK = YES;
				CLANG_WARN_BLOCK_CAPTURE_AUTORELEASING = YES;
				CLANG_WARN_BOOL_CONVERSION = YES;
				CLANG_WARN_COMMA = YES;
				CLANG_WARN_CONSTANT_CONVERSION = YES;
				CLANG_WARN_DEPRECATED_OBJC_IMPLEMENTATIONS = YES;
				CLANG_WARN_DIRECT_OBJC_ISA_USAGE = YES_ERROR;
				CLANG_WARN_DOCUMENTATION_COMMENTS = YES;
				CLANG_WARN_EMPTY_BODY = YES;
				CLANG_WARN_ENUM_CONVERSION = YES;
				CLANG_WARN_INFINITE_RECURSION = YES;
				CLANG_WARN_INT_CONVERSION = YES;
				CLANG_WARN_NON_LITERAL_NULL_CONVERSION = YES;
				CLANG_WARN_OBJC_IMPLICIT_RETAIN_SELF = YES;
				CLANG_WARN_OBJC_LITERAL_CONVERSION = YES;
				CLANG_WARN_OBJC_ROOT_CLASS = YES_ERROR;
				CLANG_WARN_QUOTED_INCLUDE_IN_FRAMEWORK_HEADER = YES;
				CLANG_WARN_RANGE_LOOP_ANALYSIS = YES;
				CLANG_WARN_STRICT_PROTOTYPES = YES;
				CLANG_WARN_SUSPICIOUS_MOVE = YES;
				CLANG_WARN_UNGUARDED_AVAILABILITY = YES_AGGRESSIVE;
				CLANG_WARN_UNREACHABLE_CODE = YES;
				CLANG_WARN__DUPLICATE_METHOD_MATCH = YES;
				COPY_PHASE_STRIP = NO;
				DEBUG_INFORMATION_FORMAT = "dwarf-with-dsym";
				ENABLE_NS_ASSERTIONS = NO;
				ENABLE_STRICT_OBJC_MSGSEND = YES;
				GCC_C_LANGUAGE_STANDARD = gnu11;
				GCC_NO_COMMON_BLOCKS = YES;
				GCC_WARN_64_TO_32_BIT_CONVERSION = YES;
				GCC_WARN_ABOUT_RETURN_TYPE = YES_ERROR;
				GCC_WARN_UNDECLARED_SELECTOR = YES;
				GCC_WARN_UNINITIALIZED_AUTOS = YES_AGGRESSIVE;
				GCC_WARN_UNUSED_FUNCTION = YES;
				GCC_WARN_UNUSED_VARIABLE = YES;
				IPHONEOS_DEPLOYMENT_TARGET = 15.5;
				MTL_ENABLE_DEBUG_INFO = NO;
				MTL_FAST_MATH = YES;
				SDKROOT = iphoneos;
				SWIFT_COMPILATION_MODE = wholemodule;
				SWIFT_OPTIMIZATION_LEVEL = "-O";
				VALIDATE_PRODUCT = YES;
			};
			name = Release;
		};
		1E543DF0284BB9BC009D1FD4 /* Debug */ = {
			isa = XCBuildConfiguration;
			baseConfigurationReference = 5B5C80B4732FDA4707C71401 /* Pods-RickAndMortyMVP.debug.xcconfig */;
			buildSettings = {
				ASSETCATALOG_COMPILER_APPICON_NAME = AppIcon;
				ASSETCATALOG_COMPILER_GLOBAL_ACCENT_COLOR_NAME = AccentColor;
				CODE_SIGN_STYLE = Automatic;
				CURRENT_PROJECT_VERSION = 1;
				DEVELOPMENT_TEAM = GV65VNNZ99;
				GENERATE_INFOPLIST_FILE = YES;
				INFOPLIST_FILE = RickAndMortyMVP/Info.plist;
				INFOPLIST_KEY_UIApplicationSupportsIndirectInputEvents = YES;
				INFOPLIST_KEY_UILaunchStoryboardName = LaunchScreen;
				INFOPLIST_KEY_UISupportedInterfaceOrientations_iPad = "UIInterfaceOrientationPortrait UIInterfaceOrientationPortraitUpsideDown UIInterfaceOrientationLandscapeLeft UIInterfaceOrientationLandscapeRight";
				INFOPLIST_KEY_UISupportedInterfaceOrientations_iPhone = "UIInterfaceOrientationPortrait UIInterfaceOrientationLandscapeLeft UIInterfaceOrientationLandscapeRight";
				LD_RUNPATH_SEARCH_PATHS = (
					"$(inherited)",
					"@executable_path/Frameworks",
				);
				MARKETING_VERSION = 1.0;
				PRODUCT_BUNDLE_IDENTIFIER = "-.RickAndMortyMVP";
				PRODUCT_NAME = "$(TARGET_NAME)";
				SWIFT_EMIT_LOC_STRINGS = YES;
				SWIFT_VERSION = 5.0;
				TARGETED_DEVICE_FAMILY = "1,2";
			};
			name = Debug;
		};
		1E543DF1284BB9BC009D1FD4 /* Release */ = {
			isa = XCBuildConfiguration;
			baseConfigurationReference = B3174E67A9530B63B30BE78F /* Pods-RickAndMortyMVP.release.xcconfig */;
			buildSettings = {
				ASSETCATALOG_COMPILER_APPICON_NAME = AppIcon;
				ASSETCATALOG_COMPILER_GLOBAL_ACCENT_COLOR_NAME = AccentColor;
				CODE_SIGN_STYLE = Automatic;
				CURRENT_PROJECT_VERSION = 1;
				DEVELOPMENT_TEAM = GV65VNNZ99;
				GENERATE_INFOPLIST_FILE = YES;
				INFOPLIST_FILE = RickAndMortyMVP/Info.plist;
				INFOPLIST_KEY_UIApplicationSupportsIndirectInputEvents = YES;
				INFOPLIST_KEY_UILaunchStoryboardName = LaunchScreen;
				INFOPLIST_KEY_UISupportedInterfaceOrientations_iPad = "UIInterfaceOrientationPortrait UIInterfaceOrientationPortraitUpsideDown UIInterfaceOrientationLandscapeLeft UIInterfaceOrientationLandscapeRight";
				INFOPLIST_KEY_UISupportedInterfaceOrientations_iPhone = "UIInterfaceOrientationPortrait UIInterfaceOrientationLandscapeLeft UIInterfaceOrientationLandscapeRight";
				LD_RUNPATH_SEARCH_PATHS = (
					"$(inherited)",
					"@executable_path/Frameworks",
				);
				MARKETING_VERSION = 1.0;
				PRODUCT_BUNDLE_IDENTIFIER = "-.RickAndMortyMVP";
				PRODUCT_NAME = "$(TARGET_NAME)";
				SWIFT_EMIT_LOC_STRINGS = YES;
				SWIFT_VERSION = 5.0;
				TARGETED_DEVICE_FAMILY = "1,2";
			};
			name = Release;
		};
		1E543DF3284BB9BC009D1FD4 /* Debug */ = {
			isa = XCBuildConfiguration;
			baseConfigurationReference = 473E53C6C36D4718CE3EEFBD /* Pods-RickAndMortyMVPTests.debug.xcconfig */;
			buildSettings = {
				ALWAYS_EMBED_SWIFT_STANDARD_LIBRARIES = YES;
				BUNDLE_LOADER = "$(TEST_HOST)";
				CODE_SIGN_STYLE = Automatic;
				CURRENT_PROJECT_VERSION = 1;
				DEVELOPMENT_TEAM = GV65VNNZ99;
				GENERATE_INFOPLIST_FILE = YES;
				IPHONEOS_DEPLOYMENT_TARGET = 15.5;
				MARKETING_VERSION = 1.0;
				PRODUCT_BUNDLE_IDENTIFIER = "-.RickAndMortyMVPTests";
				PRODUCT_NAME = "$(TARGET_NAME)";
				SWIFT_EMIT_LOC_STRINGS = NO;
				SWIFT_VERSION = 5.0;
				TARGETED_DEVICE_FAMILY = "1,2";
				TEST_HOST = "$(BUILT_PRODUCTS_DIR)/RickAndMortyMVP.app/RickAndMortyMVP";
			};
			name = Debug;
		};
		1E543DF4284BB9BC009D1FD4 /* Release */ = {
			isa = XCBuildConfiguration;
			baseConfigurationReference = FB2767B333574053FD89350A /* Pods-RickAndMortyMVPTests.release.xcconfig */;
			buildSettings = {
				ALWAYS_EMBED_SWIFT_STANDARD_LIBRARIES = YES;
				BUNDLE_LOADER = "$(TEST_HOST)";
				CODE_SIGN_STYLE = Automatic;
				CURRENT_PROJECT_VERSION = 1;
				DEVELOPMENT_TEAM = GV65VNNZ99;
				GENERATE_INFOPLIST_FILE = YES;
				IPHONEOS_DEPLOYMENT_TARGET = 15.5;
				MARKETING_VERSION = 1.0;
				PRODUCT_BUNDLE_IDENTIFIER = "-.RickAndMortyMVPTests";
				PRODUCT_NAME = "$(TARGET_NAME)";
				SWIFT_EMIT_LOC_STRINGS = NO;
				SWIFT_VERSION = 5.0;
				TARGETED_DEVICE_FAMILY = "1,2";
				TEST_HOST = "$(BUILT_PRODUCTS_DIR)/RickAndMortyMVP.app/RickAndMortyMVP";
			};
			name = Release;
		};
		1E543DF6284BB9BC009D1FD4 /* Debug */ = {
			isa = XCBuildConfiguration;
			baseConfigurationReference = 7D5AAA5359E2E0DF5198070A /* Pods-RickAndMortyMVP-RickAndMortyMVPUITests.debug.xcconfig */;
			buildSettings = {
				ALWAYS_EMBED_SWIFT_STANDARD_LIBRARIES = YES;
				CODE_SIGN_STYLE = Automatic;
				CURRENT_PROJECT_VERSION = 1;
				DEVELOPMENT_TEAM = GV65VNNZ99;
				GENERATE_INFOPLIST_FILE = YES;
				MARKETING_VERSION = 1.0;
				PRODUCT_BUNDLE_IDENTIFIER = "-.RickAndMortyMVPUITests";
				PRODUCT_NAME = "$(TARGET_NAME)";
				SWIFT_EMIT_LOC_STRINGS = NO;
				SWIFT_VERSION = 5.0;
				TARGETED_DEVICE_FAMILY = "1,2";
				TEST_TARGET_NAME = RickAndMortyMVP;
			};
			name = Debug;
		};
		1E543DF7284BB9BC009D1FD4 /* Release */ = {
			isa = XCBuildConfiguration;
			baseConfigurationReference = CB46BC2759433A37F9879703 /* Pods-RickAndMortyMVP-RickAndMortyMVPUITests.release.xcconfig */;
			buildSettings = {
				ALWAYS_EMBED_SWIFT_STANDARD_LIBRARIES = YES;
				CODE_SIGN_STYLE = Automatic;
				CURRENT_PROJECT_VERSION = 1;
				DEVELOPMENT_TEAM = GV65VNNZ99;
				GENERATE_INFOPLIST_FILE = YES;
				MARKETING_VERSION = 1.0;
				PRODUCT_BUNDLE_IDENTIFIER = "-.RickAndMortyMVPUITests";
				PRODUCT_NAME = "$(TARGET_NAME)";
				SWIFT_EMIT_LOC_STRINGS = NO;
				SWIFT_VERSION = 5.0;
				TARGETED_DEVICE_FAMILY = "1,2";
				TEST_TARGET_NAME = RickAndMortyMVP;
			};
			name = Release;
		};
/* End XCBuildConfiguration section */

/* Begin XCConfigurationList section */
		1E543DC0284BB9B9009D1FD4 /* Build configuration list for PBXProject "RickAndMortyMVP" */ = {
			isa = XCConfigurationList;
			buildConfigurations = (
				1E543DED284BB9BC009D1FD4 /* Debug */,
				1E543DEE284BB9BC009D1FD4 /* Release */,
			);
			defaultConfigurationIsVisible = 0;
			defaultConfigurationName = Release;
		};
		1E543DEF284BB9BC009D1FD4 /* Build configuration list for PBXNativeTarget "RickAndMortyMVP" */ = {
			isa = XCConfigurationList;
			buildConfigurations = (
				1E543DF0284BB9BC009D1FD4 /* Debug */,
				1E543DF1284BB9BC009D1FD4 /* Release */,
			);
			defaultConfigurationIsVisible = 0;
			defaultConfigurationName = Release;
		};
		1E543DF2284BB9BC009D1FD4 /* Build configuration list for PBXNativeTarget "RickAndMortyMVPTests" */ = {
			isa = XCConfigurationList;
			buildConfigurations = (
				1E543DF3284BB9BC009D1FD4 /* Debug */,
				1E543DF4284BB9BC009D1FD4 /* Release */,
			);
			defaultConfigurationIsVisible = 0;
			defaultConfigurationName = Release;
		};
		1E543DF5284BB9BC009D1FD4 /* Build configuration list for PBXNativeTarget "RickAndMortyMVPUITests" */ = {
			isa = XCConfigurationList;
			buildConfigurations = (
				1E543DF6284BB9BC009D1FD4 /* Debug */,
				1E543DF7284BB9BC009D1FD4 /* Release */,
			);
			defaultConfigurationIsVisible = 0;
			defaultConfigurationName = Release;
		};
/* End XCConfigurationList section */
	};
	rootObject = 1E543DBD284BB9B9009D1FD4 /* Project object */;
}
