// !$*UTF8*$!
{
	archiveVersion = 1;
	classes = {
	};
	objectVersion = 55;
	objects = {

/* Begin PBXBuildFile section */
		1E543DC9284BB9B9009D1FD4 /* AppDelegate.swift in Sources */ = {isa = PBXBuildFile; fileRef = 1E543DC8284BB9B9009D1FD4 /* AppDelegate.swift */; };
		1E543DCB284BB9B9009D1FD4 /* SceneDelegate.swift in Sources */ = {isa = PBXBuildFile; fileRef = 1E543DCA284BB9B9009D1FD4 /* SceneDelegate.swift */; };
		1E543DCD284BB9B9009D1FD4 /* ViewController.swift in Sources */ = {isa = PBXBuildFile; fileRef = 1E543DCC284BB9B9009D1FD4 /* ViewController.swift */; };
		1E543DD0284BB9B9009D1FD4 /* Main.storyboard in Resources */ = {isa = PBXBuildFile; fileRef = 1E543DCE284BB9B9009D1FD4 /* Main.storyboard */; };
		1E543DD2284BB9BB009D1FD4 /* Assets.xcassets in Resources */ = {isa = PBXBuildFile; fileRef = 1E543DD1284BB9BB009D1FD4 /* Assets.xcassets */; };
		1E543DD5284BB9BB009D1FD4 /* LaunchScreen.storyboard in Resources */ = {isa = PBXBuildFile; fileRef = 1E543DD3284BB9BB009D1FD4 /* LaunchScreen.storyboard */; };
		1E543DE0284BB9BC009D1FD4 /* RickAndMortyMVPTests.swift in Sources */ = {isa = PBXBuildFile; fileRef = 1E543DDF284BB9BC009D1FD4 /* RickAndMortyMVPTests.swift */; };
		1E543DEA284BB9BC009D1FD4 /* RickAndMortyMVPUITests.swift in Sources */ = {isa = PBXBuildFile; fileRef = 1E543DE9284BB9BC009D1FD4 /* RickAndMortyMVPUITests.swift */; };
		1E543DEC284BB9BC009D1FD4 /* RickAndMortyMVPUITestsLaunchTests.swift in Sources */ = {isa = PBXBuildFile; fileRef = 1E543DEB284BB9BC009D1FD4 /* RickAndMortyMVPUITestsLaunchTests.swift */; };
/* End PBXBuildFile section */

/* Begin PBXContainerItemProxy section */
		1E543DDC284BB9BB009D1FD4 /* PBXContainerItemProxy */ = {
			isa = PBXContainerItemProxy;
			containerPortal = 1E543DBD284BB9B9009D1FD4 /* Project object */;
			proxyType = 1;
			remoteGlobalIDString = 1E543DC4284BB9B9009D1FD4;
			remoteInfo = RickAndMortyMVP;
		};
		1E543DE6284BB9BC009D1FD4 /* PBXContainerItemProxy */ = {
			isa = PBXContainerItemProxy;
			containerPortal = 1E543DBD284BB9B9009D1FD4 /* Project object */;
			proxyType = 1;
			remoteGlobalIDString = 1E543DC4284BB9B9009D1FD4;
			remoteInfo = RickAndMortyMVP;
		};
/* End PBXContainerItemProxy section */

/* Begin PBXFileReference section */
		1E543DC5284BB9B9009D1FD4 /* RickAndMortyMVP.app */ = {isa = PBXFileReference; explicitFileType = wrapper.application; includeInIndex = 0; path = RickAndMortyMVP.app; sourceTree = BUILT_PRODUCTS_DIR; };
		1E543DC8284BB9B9009D1FD4 /* AppDelegate.swift */ = {isa = PBXFileReference; lastKnownFileType = sourcecode.swift; path = AppDelegate.swift; sourceTree = "<group>"; };
		1E543DCA284BB9B9009D1FD4 /* SceneDelegate.swift */ = {isa = PBXFileReference; lastKnownFileType = sourcecode.swift; path = SceneDelegate.swift; sourceTree = "<group>"; };
		1E543DCC284BB9B9009D1FD4 /* ViewController.swift */ = {isa = PBXFileReference; lastKnownFileType = sourcecode.swift; path = ViewController.swift; sourceTree = "<group>"; };
		1E543DCF284BB9B9009D1FD4 /* Base */ = {isa = PBXFileReference; lastKnownFileType = file.storyboard; name = Base; path = Base.lproj/Main.storyboard; sourceTree = "<group>"; };
		1E543DD1284BB9BB009D1FD4 /* Assets.xcassets */ = {isa = PBXFileReference; lastKnownFileType = folder.assetcatalog; path = Assets.xcassets; sourceTree = "<group>"; };
		1E543DD4284BB9BB009D1FD4 /* Base */ = {isa = PBXFileReference; lastKnownFileType = file.storyboard; name = Base; path = Base.lproj/LaunchScreen.storyboard; sourceTree = "<group>"; };
		1E543DD6284BB9BB009D1FD4 /* Info.plist */ = {isa = PBXFileReference; lastKnownFileType = text.plist.xml; path = Info.plist; sourceTree = "<group>"; };
		1E543DDB284BB9BB009D1FD4 /* RickAndMortyMVPTests.xctest */ = {isa = PBXFileReference; explicitFileType = wrapper.cfbundle; includeInIndex = 0; path = RickAndMortyMVPTests.xctest; sourceTree = BUILT_PRODUCTS_DIR; };
		1E543DDF284BB9BC009D1FD4 /* RickAndMortyMVPTests.swift */ = {isa = PBXFileReference; lastKnownFileType = sourcecode.swift; path = RickAndMortyMVPTests.swift; sourceTree = "<group>"; };
		1E543DE5284BB9BC009D1FD4 /* RickAndMortyMVPUITests.xctest */ = {isa = PBXFileReference; explicitFileType = wrapper.cfbundle; includeInIndex = 0; path = RickAndMortyMVPUITests.xctest; sourceTree = BUILT_PRODUCTS_DIR; };
		1E543DE9284BB9BC009D1FD4 /* RickAndMortyMVPUITests.swift */ = {isa = PBXFileReference; lastKnownFileType = sourcecode.swift; path = RickAndMortyMVPUITests.swift; sourceTree = "<group>"; };
		1E543DEB284BB9BC009D1FD4 /* RickAndMortyMVPUITestsLaunchTests.swift */ = {isa = PBXFileReference; lastKnownFileType = sourcecode.swift; path = RickAndMortyMVPUITestsLaunchTests.swift; sourceTree = "<group>"; };
/* End PBXFileReference section */

/* Begin PBXFrameworksBuildPhase section */
		1E543DC2284BB9B9009D1FD4 /* Frameworks */ = {
			isa = PBXFrameworksBuildPhase;
			buildActionMask = 2147483647;
			files = (
			);
			runOnlyForDeploymentPostprocessing = 0;
		};
		1E543DD8284BB9BB009D1FD4 /* Frameworks */ = {
			isa = PBXFrameworksBuildPhase;
			buildActionMask = 2147483647;
			files = (
			);
			runOnlyForDeploymentPostprocessing = 0;
		};
		1E543DE2284BB9BC009D1FD4 /* Frameworks */ = {
			isa = PBXFrameworksBuildPhase;
			buildActionMask = 2147483647;
			files = (
			);
			runOnlyForDeploymentPostprocessing = 0;
		};
/* End PBXFrameworksBuildPhase section */

/* Begin PBXGroup section */
		1E543DBC284BB9B9009D1FD4 = {
			isa = PBXGroup;
			children = (
				1E543DC7284BB9B9009D1FD4 /* RickAndMortyMVP */,
				1E543DDE284BB9BC009D1FD4 /* RickAndMortyMVPTests */,
				1E543DE8284BB9BC009D1FD4 /* RickAndMortyMVPUITests */,
				1E543DC6284BB9B9009D1FD4 /* Products */,
			);
			sourceTree = "<group>";
		};
		1E543DC6284BB9B9009D1FD4 /* Products */ = {
			isa = PBXGroup;
			children = (
				1E543DC5284BB9B9009D1FD4 /* RickAndMortyMVP.app */,
				1E543DDB284BB9BB009D1FD4 /* RickAndMortyMVPTests.xctest */,
				1E543DE5284BB9BC009D1FD4 /* RickAndMortyMVPUITests.xctest */,
			);
			name = Products;
			sourceTree = "<group>";
		};
		1E543DC7284BB9B9009D1FD4 /* RickAndMortyMVP */ = {
			isa = PBXGroup;
			children = (
				1E543DC8284BB9B9009D1FD4 /* AppDelegate.swift */,
				1E543DCA284BB9B9009D1FD4 /* SceneDelegate.swift */,
				1E543DCC284BB9B9009D1FD4 /* ViewController.swift */,
				1E543DCE284BB9B9009D1FD4 /* Main.storyboard */,
				1E543DD1284BB9BB009D1FD4 /* Assets.xcassets */,
				1E543DD3284BB9BB009D1FD4 /* LaunchScreen.storyboard */,
				1E543DD6284BB9BB009D1FD4 /* Info.plist */,
			);
			path = RickAndMortyMVP;
			sourceTree = "<group>";
		};
		1E543DDE284BB9BC009D1FD4 /* RickAndMortyMVPTests */ = {
			isa = PBXGroup;
			children = (
				1E543DDF284BB9BC009D1FD4 /* RickAndMortyMVPTests.swift */,
			);
			path = RickAndMortyMVPTests;
			sourceTree = "<group>";
		};
		1E543DE8284BB9BC009D1FD4 /* RickAndMortyMVPUITests */ = {
			isa = PBXGroup;
			children = (
				1E543DE9284BB9BC009D1FD4 /* RickAndMortyMVPUITests.swift */,
				1E543DEB284BB9BC009D1FD4 /* RickAndMortyMVPUITestsLaunchTests.swift */,
			);
			path = RickAndMortyMVPUITests;
			sourceTree = "<group>";
		};
/* End PBXGroup section */

/* Begin PBXNativeTarget section */
		1E543DC4284BB9B9009D1FD4 /* RickAndMortyMVP */ = {
			isa = PBXNativeTarget;
			buildConfigurationList = 1E543DEF284BB9BC009D1FD4 /* Build configuration list for PBXNativeTarget "RickAndMortyMVP" */;
			buildPhases = (
				1E543DC1284BB9B9009D1FD4 /* Sources */,
				1E543DC2284BB9B9009D1FD4 /* Frameworks */,
				1E543DC3284BB9B9009D1FD4 /* Resources */,
			);
			buildRules = (
			);
			dependencies = (
			);
			name = RickAndMortyMVP;
			productName = RickAndMortyMVP;
			productReference = 1E543DC5284BB9B9009D1FD4 /* RickAndMortyMVP.app */;
			productType = "com.apple.product-type.application";
		};
		1E543DDA284BB9BB009D1FD4 /* RickAndMortyMVPTests */ = {
			isa = PBXNativeTarget;
			buildConfigurationList = 1E543DF2284BB9BC009D1FD4 /* Build configuration list for PBXNativeTarget "RickAndMortyMVPTests" */;
			buildPhases = (
				1E543DD7284BB9BB009D1FD4 /* Sources */,
				1E543DD8284BB9BB009D1FD4 /* Frameworks */,
				1E543DD9284BB9BB009D1FD4 /* Resources */,
			);
			buildRules = (
			);
			dependencies = (
				1E543DDD284BB9BB009D1FD4 /* PBXTargetDependency */,
			);
			name = RickAndMortyMVPTests;
			productName = RickAndMortyMVPTests;
			productReference = 1E543DDB284BB9BB009D1FD4 /* RickAndMortyMVPTests.xctest */;
			productType = "com.apple.product-type.bundle.unit-test";
		};
		1E543DE4284BB9BC009D1FD4 /* RickAndMortyMVPUITests */ = {
			isa = PBXNativeTarget;
			buildConfigurationList = 1E543DF5284BB9BC009D1FD4 /* Build configuration list for PBXNativeTarget "RickAndMortyMVPUITests" */;
			buildPhases = (
				1E543DE1284BB9BC009D1FD4 /* Sources */,
				1E543DE2284BB9BC009D1FD4 /* Frameworks */,
				1E543DE3284BB9BC009D1FD4 /* Resources */,
			);
			buildRules = (
			);
			dependencies = (
				1E543DE7284BB9BC009D1FD4 /* PBXTargetDependency */,
			);
			name = RickAndMortyMVPUITests;
			productName = RickAndMortyMVPUITests;
			productReference = 1E543DE5284BB9BC009D1FD4 /* RickAndMortyMVPUITests.xctest */;
			productType = "com.apple.product-type.bundle.ui-testing";
		};
/* End PBXNativeTarget section */

/* Begin PBXProject section */
		1E543DBD284BB9B9009D1FD4 /* Project object */ = {
			isa = PBXProject;
			attributes = {
				BuildIndependentTargetsInParallel = 1;
				LastSwiftUpdateCheck = 1340;
				LastUpgradeCheck = 1340;
				TargetAttributes = {
					1E543DC4284BB9B9009D1FD4 = {
						CreatedOnToolsVersion = 13.4.1;
					};
					1E543DDA284BB9BB009D1FD4 = {
						CreatedOnToolsVersion = 13.4.1;
						TestTargetID = 1E543DC4284BB9B9009D1FD4;
					};
					1E543DE4284BB9BC009D1FD4 = {
						CreatedOnToolsVersion = 13.4.1;
						TestTargetID = 1E543DC4284BB9B9009D1FD4;
					};
				};
			};
			buildConfigurationList = 1E543DC0284BB9B9009D1FD4 /* Build configuration list for PBXProject "RickAndMortyMVP" */;
			compatibilityVersion = "Xcode 13.0";
			developmentRegion = en;
			hasScannedForEncodings = 0;
			knownRegions = (
				en,
				Base,
			);
			mainGroup = 1E543DBC284BB9B9009D1FD4;
			productRefGroup = 1E543DC6284BB9B9009D1FD4 /* Products */;
			projectDirPath = "";
			projectRoot = "";
			targets = (
				1E543DC4284BB9B9009D1FD4 /* RickAndMortyMVP */,
				1E543DDA284BB9BB009D1FD4 /* RickAndMortyMVPTests */,
				1E543DE4284BB9BC009D1FD4 /* RickAndMortyMVPUITests */,
			);
		};
/* End PBXProject section */

/* Begin PBXResourcesBuildPhase section */
		1E543DC3284BB9B9009D1FD4 /* Resources */ = {
			isa = PBXResourcesBuildPhase;
			buildActionMask = 2147483647;
			files = (
				1E543DD5284BB9BB009D1FD4 /* LaunchScreen.storyboard in Resources */,
				1E543DD2284BB9BB009D1FD4 /* Assets.xcassets in Resources */,
				1E543DD0284BB9B9009D1FD4 /* Main.storyboard in Resources */,
			);
			runOnlyForDeploymentPostprocessing = 0;
		};
		1E543DD9284BB9BB009D1FD4 /* Resources */ = {
			isa = PBXResourcesBuildPhase;
			buildActionMask = 2147483647;
			files = (
			);
			runOnlyForDeploymentPostprocessing = 0;
		};
		1E543DE3284BB9BC009D1FD4 /* Resources */ = {
			isa = PBXResourcesBuildPhase;
			buildActionMask = 2147483647;
			files = (
			);
			runOnlyForDeploymentPostprocessing = 0;
		};
/* End PBXResourcesBuildPhase section */

/* Begin PBXSourcesBuildPhase section */
		1E543DC1284BB9B9009D1FD4 /* Sources */ = {
			isa = PBXSourcesBuildPhase;
			buildActionMask = 2147483647;
			files = (
				1E543DCD284BB9B9009D1FD4 /* ViewController.swift in Sources */,
				1E543DC9284BB9B9009D1FD4 /* AppDelegate.swift in Sources */,
				1E543DCB284BB9B9009D1FD4 /* SceneDelegate.swift in Sources */,
			);
			runOnlyForDeploymentPostprocessing = 0;
		};
		1E543DD7284BB9BB009D1FD4 /* Sources */ = {
			isa = PBXSourcesBuildPhase;
			buildActionMask = 2147483647;
			files = (
				1E543DE0284BB9BC009D1FD4 /* RickAndMortyMVPTests.swift in Sources */,
			);
			runOnlyForDeploymentPostprocessing = 0;
		};
		1E543DE1284BB9BC009D1FD4 /* Sources */ = {
			isa = PBXSourcesBuildPhase;
			buildActionMask = 2147483647;
			files = (
				1E543DEA284BB9BC009D1FD4 /* RickAndMortyMVPUITests.swift in Sources */,
				1E543DEC284BB9BC009D1FD4 /* RickAndMortyMVPUITestsLaunchTests.swift in Sources */,
			);
			runOnlyForDeploymentPostprocessing = 0;
		};
/* End PBXSourcesBuildPhase section */

/* Begin PBXTargetDependency section */
		1E543DDD284BB9BB009D1FD4 /* PBXTargetDependency */ = {
			isa = PBXTargetDependency;
			target = 1E543DC4284BB9B9009D1FD4 /* RickAndMortyMVP */;
			targetProxy = 1E543DDC284BB9BB009D1FD4 /* PBXContainerItemProxy */;
		};
		1E543DE7284BB9BC009D1FD4 /* PBXTargetDependency */ = {
			isa = PBXTargetDependency;
			target = 1E543DC4284BB9B9009D1FD4 /* RickAndMortyMVP */;
			targetProxy = 1E543DE6284BB9BC009D1FD4 /* PBXContainerItemProxy */;
		};
/* End PBXTargetDependency section */

/* Begin PBXVariantGroup section */
		1E543DCE284BB9B9009D1FD4 /* Main.storyboard */ = {
			isa = PBXVariantGroup;
			children = (
				1E543DCF284BB9B9009D1FD4 /* Base */,
			);
			name = Main.storyboard;
			sourceTree = "<group>";
		};
		1E543DD3284BB9BB009D1FD4 /* LaunchScreen.storyboard */ = {
			isa = PBXVariantGroup;
			children = (
				1E543DD4284BB9BB009D1FD4 /* Base */,
			);
			name = LaunchScreen.storyboard;
			sourceTree = "<group>";
		};
/* End PBXVariantGroup section */

/* Begin XCBuildConfiguration section */
		1E543DED284BB9BC009D1FD4 /* Debug */ = {
			isa = XCBuildConfiguration;
			buildSettings = {
				ALWAYS_SEARCH_USER_PATHS = NO;
				CLANG_ANALYZER_NONNULL = YES;
				CLANG_ANALYZER_NUMBER_OBJECT_CONVERSION = YES_AGGRESSIVE;
				CLANG_CXX_LANGUAGE_STANDARD = "gnu++17";
				CLANG_ENABLE_MODULES = YES;
				CLANG_ENABLE_OBJC_ARC = YES;
				CLANG_ENABLE_OBJC_WEAK = YES;
				CLANG_WARN_BLOCK_CAPTURE_AUTORELEASING = YES;
				CLANG_WARN_BOOL_CONVERSION = YES;
				CLANG_WARN_COMMA = YES;
				CLANG_WARN_CONSTANT_CONVERSION = YES;
				CLANG_WARN_DEPRECATED_OBJC_IMPLEMENTATIONS = YES;
				CLANG_WARN_DIRECT_OBJC_ISA_USAGE = YES_ERROR;
				CLANG_WARN_DOCUMENTATION_COMMENTS = YES;
				CLANG_WARN_EMPTY_BODY = YES;
				CLANG_WARN_ENUM_CONVERSION = YES;
				CLANG_WARN_INFINITE_RECURSION = YES;
				CLANG_WARN_INT_CONVERSION = YES;
				CLANG_WARN_NON_LITERAL_NULL_CONVERSION = YES;
				CLANG_WARN_OBJC_IMPLICIT_RETAIN_SELF = YES;
				CLANG_WARN_OBJC_LITERAL_CONVERSION = YES;
				CLANG_WARN_OBJC_ROOT_CLASS = YES_ERROR;
				CLANG_WARN_QUOTED_INCLUDE_IN_FRAMEWORK_HEADER = YES;
				CLANG_WARN_RANGE_LOOP_ANALYSIS = YES;
				CLANG_WARN_STRICT_PROTOTYPES = YES;
				CLANG_WARN_SUSPICIOUS_MOVE = YES;
				CLANG_WARN_UNGUARDED_AVAILABILITY = YES_AGGRESSIVE;
				CLANG_WARN_UNREACHABLE_CODE = YES;
				CLANG_WARN__DUPLICATE_METHOD_MATCH = YES;
				COPY_PHASE_STRIP = NO;
				DEBUG_INFORMATION_FORMAT = dwarf;
				ENABLE_STRICT_OBJC_MSGSEND = YES;
				ENABLE_TESTABILITY = YES;
				GCC_C_LANGUAGE_STANDARD = gnu11;
				GCC_DYNAMIC_NO_PIC = NO;
				GCC_NO_COMMON_BLOCKS = YES;
				GCC_OPTIMIZATION_LEVEL = 0;
				GCC_PREPROCESSOR_DEFINITIONS = (
					"DEBUG=1",
					"$(inherited)",
				);
				GCC_WARN_64_TO_32_BIT_CONVERSION = YES;
				GCC_WARN_ABOUT_RETURN_TYPE = YES_ERROR;
				GCC_WARN_UNDECLARED_SELECTOR = YES;
				GCC_WARN_UNINITIALIZED_AUTOS = YES_AGGRESSIVE;
				GCC_WARN_UNUSED_FUNCTION = YES;
				GCC_WARN_UNUSED_VARIABLE = YES;
				IPHONEOS_DEPLOYMENT_TARGET = 15.5;
				MTL_ENABLE_DEBUG_INFO = INCLUDE_SOURCE;
				MTL_FAST_MATH = YES;
				ONLY_ACTIVE_ARCH = YES;
				SDKROOT = iphoneos;
				SWIFT_ACTIVE_COMPILATION_CONDITIONS = DEBUG;
				SWIFT_OPTIMIZATION_LEVEL = "-Onone";
			};
			name = Debug;
		};
		1E543DEE284BB9BC009D1FD4 /* Release */ = {
			isa = XCBuildConfiguration;
			buildSettings = {
				ALWAYS_SEARCH_USER_PATHS = NO;
				CLANG_ANALYZER_NONNULL = YES;
				CLANG_ANALYZER_NUMBER_OBJECT_CONVERSION = YES_AGGRESSIVE;
				CLANG_CXX_LANGUAGE_STANDARD = "gnu++17";
				CLANG_ENABLE_MODULES = YES;
				CLANG_ENABLE_OBJC_ARC = YES;
				CLANG_ENABLE_OBJC_WEAK = YES;
				CLANG_WARN_BLOCK_CAPTURE_AUTORELEASING = YES;
				CLANG_WARN_BOOL_CONVERSION = YES;
				CLANG_WARN_COMMA = YES;
				CLANG_WARN_CONSTANT_CONVERSION = YES;
				CLANG_WARN_DEPRECATED_OBJC_IMPLEMENTATIONS = YES;
				CLANG_WARN_DIRECT_OBJC_ISA_USAGE = YES_ERROR;
				CLANG_WARN_DOCUMENTATION_COMMENTS = YES;
				CLANG_WARN_EMPTY_BODY = YES;
				CLANG_WARN_ENUM_CONVERSION = YES;
				CLANG_WARN_INFINITE_RECURSION = YES;
				CLANG_WARN_INT_CONVERSION = YES;
				CLANG_WARN_NON_LITERAL_NULL_CONVERSION = YES;
				CLANG_WARN_OBJC_IMPLICIT_RETAIN_SELF = YES;
				CLANG_WARN_OBJC_LITERAL_CONVERSION = YES;
				CLANG_WARN_OBJC_ROOT_CLASS = YES_ERROR;
				CLANG_WARN_QUOTED_INCLUDE_IN_FRAMEWORK_HEADER = YES;
				CLANG_WARN_RANGE_LOOP_ANALYSIS = YES;
				CLANG_WARN_STRICT_PROTOTYPES = YES;
				CLANG_WARN_SUSPICIOUS_MOVE = YES;
				CLANG_WARN_UNGUARDED_AVAILABILITY = YES_AGGRESSIVE;
				CLANG_WARN_UNREACHABLE_CODE = YES;
				CLANG_WARN__DUPLICATE_METHOD_MATCH = YES;
				COPY_PHASE_STRIP = NO;
				DEBUG_INFORMATION_FORMAT = "dwarf-with-dsym";
				ENABLE_NS_ASSERTIONS = NO;
				ENABLE_STRICT_OBJC_MSGSEND = YES;
				GCC_C_LANGUAGE_STANDARD = gnu11;
				GCC_NO_COMMON_BLOCKS = YES;
				GCC_WARN_64_TO_32_BIT_CONVERSION = YES;
				GCC_WARN_ABOUT_RETURN_TYPE = YES_ERROR;
				GCC_WARN_UNDECLARED_SELECTOR = YES;
				GCC_WARN_UNINITIALIZED_AUTOS = YES_AGGRESSIVE;
				GCC_WARN_UNUSED_FUNCTION = YES;
				GCC_WARN_UNUSED_VARIABLE = YES;
				IPHONEOS_DEPLOYMENT_TARGET = 15.5;
				MTL_ENABLE_DEBUG_INFO = NO;
				MTL_FAST_MATH = YES;
				SDKROOT = iphoneos;
				SWIFT_COMPILATION_MODE = wholemodule;
				SWIFT_OPTIMIZATION_LEVEL = "-O";
				VALIDATE_PRODUCT = YES;
			};
			name = Release;
		};
		1E543DF0284BB9BC009D1FD4 /* Debug */ = {
			isa = XCBuildConfiguration;
			buildSettings = {
				ASSETCATALOG_COMPILER_APPICON_NAME = AppIcon;
				ASSETCATALOG_COMPILER_GLOBAL_ACCENT_COLOR_NAME = AccentColor;
				CODE_SIGN_STYLE = Automatic;
				CURRENT_PROJECT_VERSION = 1;
				DEVELOPMENT_TEAM = GV65VNNZ99;
				GENERATE_INFOPLIST_FILE = YES;
				INFOPLIST_FILE = RickAndMortyMVP/Info.plist;
				INFOPLIST_KEY_UIApplicationSupportsIndirectInputEvents = YES;
				INFOPLIST_KEY_UILaunchStoryboardName = LaunchScreen;
				INFOPLIST_KEY_UIMainStoryboardFile = Main;
				INFOPLIST_KEY_UISupportedInterfaceOrientations_iPad = "UIInterfaceOrientationPortrait UIInterfaceOrientationPortraitUpsideDown UIInterfaceOrientationLandscapeLeft UIInterfaceOrientationLandscapeRight";
				INFOPLIST_KEY_UISupportedInterfaceOrientations_iPhone = "UIInterfaceOrientationPortrait UIInterfaceOrientationLandscapeLeft UIInterfaceOrientationLandscapeRight";
				LD_RUNPATH_SEARCH_PATHS = (
					"$(inherited)",
					"@executable_path/Frameworks",
				);
				MARKETING_VERSION = 1.0;
				PRODUCT_BUNDLE_IDENTIFIER = "-.RickAndMortyMVP";
				PRODUCT_NAME = "$(TARGET_NAME)";
				SWIFT_EMIT_LOC_STRINGS = YES;
				SWIFT_VERSION = 5.0;
				TARGETED_DEVICE_FAMILY = "1,2";
			};
			name = Debug;
		};
		1E543DF1284BB9BC009D1FD4 /* Release */ = {
			isa = XCBuildConfiguration;
			buildSettings = {
				ASSETCATALOG_COMPILER_APPICON_NAME = AppIcon;
				ASSETCATALOG_COMPILER_GLOBAL_ACCENT_COLOR_NAME = AccentColor;
				CODE_SIGN_STYLE = Automatic;
				CURRENT_PROJECT_VERSION = 1;
				DEVELOPMENT_TEAM = GV65VNNZ99;
				GENERATE_INFOPLIST_FILE = YES;
				INFOPLIST_FILE = RickAndMortyMVP/Info.plist;
				INFOPLIST_KEY_UIApplicationSupportsIndirectInputEvents = YES;
				INFOPLIST_KEY_UILaunchStoryboardName = LaunchScreen;
				INFOPLIST_KEY_UIMainStoryboardFile = Main;
				INFOPLIST_KEY_UISupportedInterfaceOrientations_iPad = "UIInterfaceOrientationPortrait UIInterfaceOrientationPortraitUpsideDown UIInterfaceOrientationLandscapeLeft UIInterfaceOrientationLandscapeRight";
				INFOPLIST_KEY_UISupportedInterfaceOrientations_iPhone = "UIInterfaceOrientationPortrait UIInterfaceOrientationLandscapeLeft UIInterfaceOrientationLandscapeRight";
				LD_RUNPATH_SEARCH_PATHS = (
					"$(inherited)",
					"@executable_path/Frameworks",
				);
				MARKETING_VERSION = 1.0;
				PRODUCT_BUNDLE_IDENTIFIER = "-.RickAndMortyMVP";
				PRODUCT_NAME = "$(TARGET_NAME)";
				SWIFT_EMIT_LOC_STRINGS = YES;
				SWIFT_VERSION = 5.0;
				TARGETED_DEVICE_FAMILY = "1,2";
			};
			name = Release;
		};
		1E543DF3284BB9BC009D1FD4 /* Debug */ = {
			isa = XCBuildConfiguration;
			buildSettings = {
				ALWAYS_EMBED_SWIFT_STANDARD_LIBRARIES = YES;
				BUNDLE_LOADER = "$(TEST_HOST)";
				CODE_SIGN_STYLE = Automatic;
				CURRENT_PROJECT_VERSION = 1;
				DEVELOPMENT_TEAM = GV65VNNZ99;
				GENERATE_INFOPLIST_FILE = YES;
				IPHONEOS_DEPLOYMENT_TARGET = 15.5;
				MARKETING_VERSION = 1.0;
				PRODUCT_BUNDLE_IDENTIFIER = "-.RickAndMortyMVPTests";
				PRODUCT_NAME = "$(TARGET_NAME)";
				SWIFT_EMIT_LOC_STRINGS = NO;
				SWIFT_VERSION = 5.0;
				TARGETED_DEVICE_FAMILY = "1,2";
				TEST_HOST = "$(BUILT_PRODUCTS_DIR)/RickAndMortyMVP.app/RickAndMortyMVP";
			};
			name = Debug;
		};
		1E543DF4284BB9BC009D1FD4 /* Release */ = {
			isa = XCBuildConfiguration;
			buildSettings = {
				ALWAYS_EMBED_SWIFT_STANDARD_LIBRARIES = YES;
				BUNDLE_LOADER = "$(TEST_HOST)";
				CODE_SIGN_STYLE = Automatic;
				CURRENT_PROJECT_VERSION = 1;
				DEVELOPMENT_TEAM = GV65VNNZ99;
				GENERATE_INFOPLIST_FILE = YES;
				IPHONEOS_DEPLOYMENT_TARGET = 15.5;
				MARKETING_VERSION = 1.0;
				PRODUCT_BUNDLE_IDENTIFIER = "-.RickAndMortyMVPTests";
				PRODUCT_NAME = "$(TARGET_NAME)";
				SWIFT_EMIT_LOC_STRINGS = NO;
				SWIFT_VERSION = 5.0;
				TARGETED_DEVICE_FAMILY = "1,2";
				TEST_HOST = "$(BUILT_PRODUCTS_DIR)/RickAndMortyMVP.app/RickAndMortyMVP";
			};
			name = Release;
		};
		1E543DF6284BB9BC009D1FD4 /* Debug */ = {
			isa = XCBuildConfiguration;
			buildSettings = {
				ALWAYS_EMBED_SWIFT_STANDARD_LIBRARIES = YES;
				CODE_SIGN_STYLE = Automatic;
				CURRENT_PROJECT_VERSION = 1;
				DEVELOPMENT_TEAM = GV65VNNZ99;
				GENERATE_INFOPLIST_FILE = YES;
				MARKETING_VERSION = 1.0;
				PRODUCT_BUNDLE_IDENTIFIER = "-.RickAndMortyMVPUITests";
				PRODUCT_NAME = "$(TARGET_NAME)";
				SWIFT_EMIT_LOC_STRINGS = NO;
				SWIFT_VERSION = 5.0;
				TARGETED_DEVICE_FAMILY = "1,2";
				TEST_TARGET_NAME = RickAndMortyMVP;
			};
			name = Debug;
		};
		1E543DF7284BB9BC009D1FD4 /* Release */ = {
			isa = XCBuildConfiguration;
			buildSettings = {
				ALWAYS_EMBED_SWIFT_STANDARD_LIBRARIES = YES;
				CODE_SIGN_STYLE = Automatic;
				CURRENT_PROJECT_VERSION = 1;
				DEVELOPMENT_TEAM = GV65VNNZ99;
				GENERATE_INFOPLIST_FILE = YES;
				MARKETING_VERSION = 1.0;
				PRODUCT_BUNDLE_IDENTIFIER = "-.RickAndMortyMVPUITests";
				PRODUCT_NAME = "$(TARGET_NAME)";
				SWIFT_EMIT_LOC_STRINGS = NO;
				SWIFT_VERSION = 5.0;
				TARGETED_DEVICE_FAMILY = "1,2";
				TEST_TARGET_NAME = RickAndMortyMVP;
			};
			name = Release;
		};
/* End XCBuildConfiguration section */

/* Begin XCConfigurationList section */
		1E543DC0284BB9B9009D1FD4 /* Build configuration list for PBXProject "RickAndMortyMVP" */ = {
			isa = XCConfigurationList;
			buildConfigurations = (
				1E543DED284BB9BC009D1FD4 /* Debug */,
				1E543DEE284BB9BC009D1FD4 /* Release */,
			);
			defaultConfigurationIsVisible = 0;
			defaultConfigurationName = Release;
		};
		1E543DEF284BB9BC009D1FD4 /* Build configuration list for PBXNativeTarget "RickAndMortyMVP" */ = {
			isa = XCConfigurationList;
			buildConfigurations = (
				1E543DF0284BB9BC009D1FD4 /* Debug */,
				1E543DF1284BB9BC009D1FD4 /* Release */,
			);
			defaultConfigurationIsVisible = 0;
			defaultConfigurationName = Release;
		};
		1E543DF2284BB9BC009D1FD4 /* Build configuration list for PBXNativeTarget "RickAndMortyMVPTests" */ = {
			isa = XCConfigurationList;
			buildConfigurations = (
				1E543DF3284BB9BC009D1FD4 /* Debug */,
				1E543DF4284BB9BC009D1FD4 /* Release */,
			);
			defaultConfigurationIsVisible = 0;
			defaultConfigurationName = Release;
		};
		1E543DF5284BB9BC009D1FD4 /* Build configuration list for PBXNativeTarget "RickAndMortyMVPUITests" */ = {
			isa = XCConfigurationList;
			buildConfigurations = (
				1E543DF6284BB9BC009D1FD4 /* Debug */,
				1E543DF7284BB9BC009D1FD4 /* Release */,
			);
			defaultConfigurationIsVisible = 0;
			defaultConfigurationName = Release;
		};
/* End XCConfigurationList section */
	};
	rootObject = 1E543DBD284BB9B9009D1FD4 /* Project object */;
}
